// !$*UTF8*$!
{
	archiveVersion = 1;
	classes = {
	};
	objectVersion = 56;
	objects = {

/* Begin PBXBuildFile section */
		43414E502A288BE9002E1EFB /* iOSSnapshotTestCase in Frameworks */ = {isa = PBXBuildFile; productRef = 43414E4F2A288BE9002E1EFB /* iOSSnapshotTestCase */; };
		43414E522A288BE9002E1EFB /* iOSSnapshotTestCase in Embed Frameworks */ = {isa = PBXBuildFile; productRef = 43414E4F2A288BE9002E1EFB /* iOSSnapshotTestCase */; settings = {ATTRIBUTES = (CodeSignOnCopy, ); }; };
		43414E562A288D0C002E1EFB /* WeatherSearchViewControllerTests.swift in Sources */ = {isa = PBXBuildFile; fileRef = 43414E552A288D0C002E1EFB /* WeatherSearchViewControllerTests.swift */; };
		43414E592A28984D002E1EFB /* WeatherForecastViewControllerTests.swift in Sources */ = {isa = PBXBuildFile; fileRef = 43414E582A28984D002E1EFB /* WeatherForecastViewControllerTests.swift */; };
		43792FCA2A2788F700450EC4 /* Theme.swift in Sources */ = {isa = PBXBuildFile; fileRef = 43792FC92A2788F700450EC4 /* Theme.swift */; };
		43792FD02A278D7700450EC4 /* Localizable.strings in Resources */ = {isa = PBXBuildFile; fileRef = 43792FCF2A278D7700450EC4 /* Localizable.strings */; };
		43792FD22A27922200450EC4 /* StringExtension.swift in Sources */ = {isa = PBXBuildFile; fileRef = 43792FD12A27922200450EC4 /* StringExtension.swift */; };
		43792FD52A27929A00450EC4 /* LocalizationKeys.swift in Sources */ = {isa = PBXBuildFile; fileRef = 43792FD42A27929A00450EC4 /* LocalizationKeys.swift */; };
		43792FEA2A27CE0000450EC4 /* StoryboardIdentifierTests.swift in Sources */ = {isa = PBXBuildFile; fileRef = 43792FE92A27CE0000450EC4 /* StoryboardIdentifierTests.swift */; };
		43792FED2A27CF2A00450EC4 /* DateExtensionTests.swift in Sources */ = {isa = PBXBuildFile; fileRef = 43792FEC2A27CF2A00450EC4 /* DateExtensionTests.swift */; };
		43792FF02A27D10900450EC4 /* TestFutureForecasts.swift in Sources */ = {isa = PBXBuildFile; fileRef = 43792FEF2A27D10900450EC4 /* TestFutureForecasts.swift */; };
		43792FF52A27D45800450EC4 /* TestUtils.swift in Sources */ = {isa = PBXBuildFile; fileRef = 43792FF42A27D45800450EC4 /* TestUtils.swift */; };
		43792FF62A27D72400450EC4 /* ForecastResponse.json in Resources */ = {isa = PBXBuildFile; fileRef = 43792FF22A27D18B00450EC4 /* ForecastResponse.json */; };
		43792FF82A27D84800450EC4 /* CityWeatherDataTests.swift in Sources */ = {isa = PBXBuildFile; fileRef = 43792FF72A27D84800450EC4 /* CityWeatherDataTests.swift */; };
		43792FFA2A27D8AB00450EC4 /* CityWeatherDataResponse.json in Resources */ = {isa = PBXBuildFile; fileRef = 43792FF92A27D8A700450EC4 /* CityWeatherDataResponse.json */; };
		43792FFC2A27DB4F00450EC4 /* MockHTTPClient.swift in Sources */ = {isa = PBXBuildFile; fileRef = 43792FFB2A27DB4E00450EC4 /* MockHTTPClient.swift */; };
		43792FFD2A27DC2800450EC4 /* TestUtils.swift in Sources */ = {isa = PBXBuildFile; fileRef = 43792FF42A27D45800450EC4 /* TestUtils.swift */; };
		43792FFE2A27DC2D00450EC4 /* ForecastResponse.json in Resources */ = {isa = PBXBuildFile; fileRef = 43792FF22A27D18B00450EC4 /* ForecastResponse.json */; };
		43792FFF2A27DC3000450EC4 /* CityWeatherDataResponse.json in Resources */ = {isa = PBXBuildFile; fileRef = 43792FF92A27D8A700450EC4 /* CityWeatherDataResponse.json */; };
		437930022A27DDBC00450EC4 /* ForecastServiceTests.swift in Sources */ = {isa = PBXBuildFile; fileRef = 437930012A27DDBC00450EC4 /* ForecastServiceTests.swift */; };
		437930042A27E21600450EC4 /* WeatherServiceTests.swift in Sources */ = {isa = PBXBuildFile; fileRef = 437930032A27E21600450EC4 /* WeatherServiceTests.swift */; };
		437930072A27E3A900450EC4 /* ResponseErrorTests.swift in Sources */ = {isa = PBXBuildFile; fileRef = 437930062A27E3A900450EC4 /* ResponseErrorTests.swift */; };
		437930092A27E58D00450EC4 /* NetworkRequestTests.swift in Sources */ = {isa = PBXBuildFile; fileRef = 437930082A27E58D00450EC4 /* NetworkRequestTests.swift */; };
		4379300D2A27EDD600450EC4 /* WeatherForecastConfiguratorTests.swift in Sources */ = {isa = PBXBuildFile; fileRef = 4379300C2A27EDD600450EC4 /* WeatherForecastConfiguratorTests.swift */; };
		4379300F2A27F10F00450EC4 /* WeatherForecastPresenterTests.swift in Sources */ = {isa = PBXBuildFile; fileRef = 4379300E2A27F10F00450EC4 /* WeatherForecastPresenterTests.swift */; };
		437930112A27F44500450EC4 /* WeatherForecastInteractorTests.swift in Sources */ = {isa = PBXBuildFile; fileRef = 437930102A27F44500450EC4 /* WeatherForecastInteractorTests.swift */; };
		437930142A27F9E700450EC4 /* WeatherSearchConfiguratorTests.swift in Sources */ = {isa = PBXBuildFile; fileRef = 437930132A27F9E700450EC4 /* WeatherSearchConfiguratorTests.swift */; };
		437930162A27FB3800450EC4 /* WeatherSearchRouterTests.swift in Sources */ = {isa = PBXBuildFile; fileRef = 437930152A27FB3800450EC4 /* WeatherSearchRouterTests.swift */; };
		437930182A27FFA200450EC4 /* WeatherSearchPresenterTests.swift in Sources */ = {isa = PBXBuildFile; fileRef = 437930172A27FFA200450EC4 /* WeatherSearchPresenterTests.swift */; };
		4379301A2A28048300450EC4 /* WeatherSearchInteractorTests.swift in Sources */ = {isa = PBXBuildFile; fileRef = 437930192A28048300450EC4 /* WeatherSearchInteractorTests.swift */; };
		438E31872A2626F5006867EC /* AppDelegate.swift in Sources */ = {isa = PBXBuildFile; fileRef = 438E31862A2626F5006867EC /* AppDelegate.swift */; };
		438E31892A2626F5006867EC /* SceneDelegate.swift in Sources */ = {isa = PBXBuildFile; fileRef = 438E31882A2626F5006867EC /* SceneDelegate.swift */; };
		438E318E2A2626F5006867EC /* Main.storyboard in Resources */ = {isa = PBXBuildFile; fileRef = 438E318C2A2626F5006867EC /* Main.storyboard */; };
		438E31902A2626F6006867EC /* Assets.xcassets in Resources */ = {isa = PBXBuildFile; fileRef = 438E318F2A2626F6006867EC /* Assets.xcassets */; };
		438E31932A2626F6006867EC /* LaunchScreen.storyboard in Resources */ = {isa = PBXBuildFile; fileRef = 438E31912A2626F6006867EC /* LaunchScreen.storyboard */; };
		438E319E2A2626F6006867EC /* CityWeatherTests.swift in Sources */ = {isa = PBXBuildFile; fileRef = 438E319D2A2626F6006867EC /* CityWeatherTests.swift */; };
		438E31A82A2626F6006867EC /* CityWeatherUITests.swift in Sources */ = {isa = PBXBuildFile; fileRef = 438E31A72A2626F6006867EC /* CityWeatherUITests.swift */; };
		438E31AA2A2626F6006867EC /* CityWeatherUITestsLaunchTests.swift in Sources */ = {isa = PBXBuildFile; fileRef = 438E31A92A2626F6006867EC /* CityWeatherUITestsLaunchTests.swift */; };
		438E31B82A262800006867EC /* WeatherSearchViewController.swift in Sources */ = {isa = PBXBuildFile; fileRef = 438E31B72A262800006867EC /* WeatherSearchViewController.swift */; };
		438E31BA2A263013006867EC /* WeatherSearchInteractor.swift in Sources */ = {isa = PBXBuildFile; fileRef = 438E31B92A263013006867EC /* WeatherSearchInteractor.swift */; };
		438E31BC2A263032006867EC /* WeatherSearchPresenter.swift in Sources */ = {isa = PBXBuildFile; fileRef = 438E31BB2A263032006867EC /* WeatherSearchPresenter.swift */; };
		438E31C12A264EEE006867EC /* WeatherSearchRouter.swift in Sources */ = {isa = PBXBuildFile; fileRef = 438E31C02A264EEE006867EC /* WeatherSearchRouter.swift */; };
		438E31C42A26570B006867EC /* CityWeatherData.swift in Sources */ = {isa = PBXBuildFile; fileRef = 438E31C32A26570B006867EC /* CityWeatherData.swift */; };
		438E31C62A265889006867EC /* WeatherSearchConfigurator.swift in Sources */ = {isa = PBXBuildFile; fileRef = 438E31C52A265889006867EC /* WeatherSearchConfigurator.swift */; };
		438E31C82A265B1C006867EC /* DayForecast.swift in Sources */ = {isa = PBXBuildFile; fileRef = 438E31C72A265B1C006867EC /* DayForecast.swift */; };
		438E31CA2A265B46006867EC /* FutureForecasts.swift in Sources */ = {isa = PBXBuildFile; fileRef = 438E31C92A265B46006867EC /* FutureForecasts.swift */; };
		438E31CE2A265BB0006867EC /* Weather.swift in Sources */ = {isa = PBXBuildFile; fileRef = 438E31CD2A265BB0006867EC /* Weather.swift */; };
		438E31D02A265E1D006867EC /* WeatherListDataSource.swift in Sources */ = {isa = PBXBuildFile; fileRef = 438E31CF2A265E1D006867EC /* WeatherListDataSource.swift */; };
		438E31D32A2664EA006867EC /* MarginUnits.swift in Sources */ = {isa = PBXBuildFile; fileRef = 438E31D22A2664EA006867EC /* MarginUnits.swift */; };
		438E31D52A266B27006867EC /* StoryboardIdentifier.swift in Sources */ = {isa = PBXBuildFile; fileRef = 438E31D42A266B27006867EC /* StoryboardIdentifier.swift */; };
		438E31D72A266CF9006867EC /* UIStoryboardExtension.swift in Sources */ = {isa = PBXBuildFile; fileRef = 438E31D62A266CF9006867EC /* UIStoryboardExtension.swift */; };
		438E31DA2A267DB1006867EC /* WeatherService.swift in Sources */ = {isa = PBXBuildFile; fileRef = 438E31D92A267DB1006867EC /* WeatherService.swift */; };
		438E31DC2A267F82006867EC /* NetworkRequest.swift in Sources */ = {isa = PBXBuildFile; fileRef = 438E31DB2A267F82006867EC /* NetworkRequest.swift */; };
		438E31E22A268250006867EC /* ResponseError.swift in Sources */ = {isa = PBXBuildFile; fileRef = 438E31E12A268250006867EC /* ResponseError.swift */; };
		438E31E72A2684BD006867EC /* APIConstants.swift in Sources */ = {isa = PBXBuildFile; fileRef = 438E31E62A2684BD006867EC /* APIConstants.swift */; };
		438E31E92A268667006867EC /* HTTPClient.swift in Sources */ = {isa = PBXBuildFile; fileRef = 438E31E82A268667006867EC /* HTTPClient.swift */; };
		438E31EB2A269499006867EC /* ForecastService.swift in Sources */ = {isa = PBXBuildFile; fileRef = 438E31EA2A269499006867EC /* ForecastService.swift */; };
		438E31EE2A269C88006867EC /* CityWeatherCell.swift in Sources */ = {isa = PBXBuildFile; fileRef = 438E31ED2A269C88006867EC /* CityWeatherCell.swift */; };
		438E31F02A26AEC0006867EC /* WeatherForecastConfigurator.swift in Sources */ = {isa = PBXBuildFile; fileRef = 438E31EF2A26AEC0006867EC /* WeatherForecastConfigurator.swift */; };
		438E31F22A26AED7006867EC /* WeatherForecastRouter.swift in Sources */ = {isa = PBXBuildFile; fileRef = 438E31F12A26AED7006867EC /* WeatherForecastRouter.swift */; };
		438E31F42A26AEE5006867EC /* WeatherForecastPresenter.swift in Sources */ = {isa = PBXBuildFile; fileRef = 438E31F32A26AEE5006867EC /* WeatherForecastPresenter.swift */; };
		438E31F62A26AEF3006867EC /* WeatherForecastInteractor.swift in Sources */ = {isa = PBXBuildFile; fileRef = 438E31F52A26AEF3006867EC /* WeatherForecastInteractor.swift */; };
		438E31F92A26AF0C006867EC /* WeatherForecastViewController.swift in Sources */ = {isa = PBXBuildFile; fileRef = 438E31F82A26AF0C006867EC /* WeatherForecastViewController.swift */; };
		438E31FD2A270D86006867EC /* CityWeatherCell.xib in Resources */ = {isa = PBXBuildFile; fileRef = 438E31FC2A270D86006867EC /* CityWeatherCell.xib */; };
		438E32002A271744006867EC /* UITableViewCellExtension.swift in Sources */ = {isa = PBXBuildFile; fileRef = 438E31FF2A271744006867EC /* UITableViewCellExtension.swift */; };
		438E32032A271E40006867EC /* WeatherForecastDataSource.swift in Sources */ = {isa = PBXBuildFile; fileRef = 438E32022A271E40006867EC /* WeatherForecastDataSource.swift */; };
		438E32052A272CDD006867EC /* WeatherForecastCell.swift in Sources */ = {isa = PBXBuildFile; fileRef = 438E32042A272CDD006867EC /* WeatherForecastCell.swift */; };
		438E32072A272CEC006867EC /* WeatherForecastCell.xib in Resources */ = {isa = PBXBuildFile; fileRef = 438E32062A272CEC006867EC /* WeatherForecastCell.xib */; };
		438E32092A272EAA006867EC /* DateExtension.swift in Sources */ = {isa = PBXBuildFile; fileRef = 438E32082A272EAA006867EC /* DateExtension.swift */; };
		43A5F3AB2A286CED001B6C12 /* Release-FeatureFlags.xcconfig in Resources */ = {isa = PBXBuildFile; fileRef = 43A5F3AA2A286CED001B6C12 /* Release-FeatureFlags.xcconfig */; };
		43A5F3AD2A286D39001B6C12 /* Debug-FeatureFlags.xcconfig in Resources */ = {isa = PBXBuildFile; fileRef = 43A5F3AC2A286D39001B6C12 /* Debug-FeatureFlags.xcconfig */; };
/* End PBXBuildFile section */

/* Begin PBXContainerItemProxy section */
		438E319A2A2626F6006867EC /* PBXContainerItemProxy */ = {
			isa = PBXContainerItemProxy;
			containerPortal = 438E317B2A2626F5006867EC /* Project object */;
			proxyType = 1;
			remoteGlobalIDString = 438E31822A2626F5006867EC;
			remoteInfo = CityWeather;
		};
		438E31A42A2626F6006867EC /* PBXContainerItemProxy */ = {
			isa = PBXContainerItemProxy;
			containerPortal = 438E317B2A2626F5006867EC /* Project object */;
			proxyType = 1;
			remoteGlobalIDString = 438E31822A2626F5006867EC;
			remoteInfo = CityWeather;
		};
/* End PBXContainerItemProxy section */

/* Begin PBXCopyFilesBuildPhase section */
		43414E512A288BE9002E1EFB /* Embed Frameworks */ = {
			isa = PBXCopyFilesBuildPhase;
			buildActionMask = 2147483647;
			dstPath = "";
			dstSubfolderSpec = 10;
			files = (
				43414E522A288BE9002E1EFB /* iOSSnapshotTestCase in Embed Frameworks */,
			);
			name = "Embed Frameworks";
			runOnlyForDeploymentPostprocessing = 0;
		};
/* End PBXCopyFilesBuildPhase section */

/* Begin PBXFileReference section */
		43414E552A288D0C002E1EFB /* WeatherSearchViewControllerTests.swift */ = {isa = PBXFileReference; lastKnownFileType = sourcecode.swift; path = WeatherSearchViewControllerTests.swift; sourceTree = "<group>"; };
		43414E582A28984D002E1EFB /* WeatherForecastViewControllerTests.swift */ = {isa = PBXFileReference; lastKnownFileType = sourcecode.swift; path = WeatherForecastViewControllerTests.swift; sourceTree = "<group>"; };
		43792FC92A2788F700450EC4 /* Theme.swift */ = {isa = PBXFileReference; lastKnownFileType = sourcecode.swift; path = Theme.swift; sourceTree = "<group>"; };
		43792FCD2A278CF000450EC4 /* Base */ = {isa = PBXFileReference; lastKnownFileType = file.storyboard; name = Base; path = Base.lproj/Main.storyboard; sourceTree = "<group>"; };
		43792FCE2A278CF000450EC4 /* Base */ = {isa = PBXFileReference; lastKnownFileType = file.storyboard; name = Base; path = Base.lproj/LaunchScreen.storyboard; sourceTree = "<group>"; };
		43792FCF2A278D7700450EC4 /* Localizable.strings */ = {isa = PBXFileReference; lastKnownFileType = text.plist.strings; path = Localizable.strings; sourceTree = "<group>"; };
		43792FD12A27922200450EC4 /* StringExtension.swift */ = {isa = PBXFileReference; lastKnownFileType = sourcecode.swift; path = StringExtension.swift; sourceTree = "<group>"; };
		43792FD42A27929A00450EC4 /* LocalizationKeys.swift */ = {isa = PBXFileReference; lastKnownFileType = sourcecode.swift; path = LocalizationKeys.swift; sourceTree = "<group>"; };
		43792FE92A27CE0000450EC4 /* StoryboardIdentifierTests.swift */ = {isa = PBXFileReference; lastKnownFileType = sourcecode.swift; path = StoryboardIdentifierTests.swift; sourceTree = "<group>"; };
		43792FEC2A27CF2A00450EC4 /* DateExtensionTests.swift */ = {isa = PBXFileReference; lastKnownFileType = sourcecode.swift; path = DateExtensionTests.swift; sourceTree = "<group>"; };
		43792FEF2A27D10900450EC4 /* TestFutureForecasts.swift */ = {isa = PBXFileReference; lastKnownFileType = sourcecode.swift; path = TestFutureForecasts.swift; sourceTree = "<group>"; };
		43792FF22A27D18B00450EC4 /* ForecastResponse.json */ = {isa = PBXFileReference; lastKnownFileType = text.json; path = ForecastResponse.json; sourceTree = "<group>"; };
		43792FF42A27D45800450EC4 /* TestUtils.swift */ = {isa = PBXFileReference; lastKnownFileType = sourcecode.swift; path = TestUtils.swift; sourceTree = "<group>"; };
		43792FF72A27D84800450EC4 /* CityWeatherDataTests.swift */ = {isa = PBXFileReference; lastKnownFileType = sourcecode.swift; path = CityWeatherDataTests.swift; sourceTree = "<group>"; };
		43792FF92A27D8A700450EC4 /* CityWeatherDataResponse.json */ = {isa = PBXFileReference; lastKnownFileType = text.json; path = CityWeatherDataResponse.json; sourceTree = "<group>"; };
		43792FFB2A27DB4E00450EC4 /* MockHTTPClient.swift */ = {isa = PBXFileReference; lastKnownFileType = sourcecode.swift; path = MockHTTPClient.swift; sourceTree = "<group>"; };
		437930012A27DDBC00450EC4 /* ForecastServiceTests.swift */ = {isa = PBXFileReference; lastKnownFileType = sourcecode.swift; path = ForecastServiceTests.swift; sourceTree = "<group>"; };
		437930032A27E21600450EC4 /* WeatherServiceTests.swift */ = {isa = PBXFileReference; lastKnownFileType = sourcecode.swift; path = WeatherServiceTests.swift; sourceTree = "<group>"; };
		437930062A27E3A900450EC4 /* ResponseErrorTests.swift */ = {isa = PBXFileReference; lastKnownFileType = sourcecode.swift; path = ResponseErrorTests.swift; sourceTree = "<group>"; };
		437930082A27E58D00450EC4 /* NetworkRequestTests.swift */ = {isa = PBXFileReference; lastKnownFileType = sourcecode.swift; path = NetworkRequestTests.swift; sourceTree = "<group>"; };
		4379300C2A27EDD600450EC4 /* WeatherForecastConfiguratorTests.swift */ = {isa = PBXFileReference; lastKnownFileType = sourcecode.swift; path = WeatherForecastConfiguratorTests.swift; sourceTree = "<group>"; };
		4379300E2A27F10F00450EC4 /* WeatherForecastPresenterTests.swift */ = {isa = PBXFileReference; lastKnownFileType = sourcecode.swift; path = WeatherForecastPresenterTests.swift; sourceTree = "<group>"; };
		437930102A27F44500450EC4 /* WeatherForecastInteractorTests.swift */ = {isa = PBXFileReference; lastKnownFileType = sourcecode.swift; path = WeatherForecastInteractorTests.swift; sourceTree = "<group>"; };
		437930132A27F9E700450EC4 /* WeatherSearchConfiguratorTests.swift */ = {isa = PBXFileReference; lastKnownFileType = sourcecode.swift; path = WeatherSearchConfiguratorTests.swift; sourceTree = "<group>"; };
		437930152A27FB3800450EC4 /* WeatherSearchRouterTests.swift */ = {isa = PBXFileReference; lastKnownFileType = sourcecode.swift; path = WeatherSearchRouterTests.swift; sourceTree = "<group>"; };
		437930172A27FFA200450EC4 /* WeatherSearchPresenterTests.swift */ = {isa = PBXFileReference; lastKnownFileType = sourcecode.swift; path = WeatherSearchPresenterTests.swift; sourceTree = "<group>"; };
		437930192A28048300450EC4 /* WeatherSearchInteractorTests.swift */ = {isa = PBXFileReference; lastKnownFileType = sourcecode.swift; path = WeatherSearchInteractorTests.swift; sourceTree = "<group>"; };
		438E31832A2626F5006867EC /* CityWeather.app */ = {isa = PBXFileReference; explicitFileType = wrapper.application; includeInIndex = 0; path = CityWeather.app; sourceTree = BUILT_PRODUCTS_DIR; };
		438E31862A2626F5006867EC /* AppDelegate.swift */ = {isa = PBXFileReference; lastKnownFileType = sourcecode.swift; path = AppDelegate.swift; sourceTree = "<group>"; };
		438E31882A2626F5006867EC /* SceneDelegate.swift */ = {isa = PBXFileReference; lastKnownFileType = sourcecode.swift; path = SceneDelegate.swift; sourceTree = "<group>"; };
		438E318F2A2626F6006867EC /* Assets.xcassets */ = {isa = PBXFileReference; lastKnownFileType = folder.assetcatalog; path = Assets.xcassets; sourceTree = "<group>"; };
		438E31942A2626F6006867EC /* Info.plist */ = {isa = PBXFileReference; lastKnownFileType = text.plist.xml; path = Info.plist; sourceTree = "<group>"; };
		438E31992A2626F6006867EC /* CityWeatherTests.xctest */ = {isa = PBXFileReference; explicitFileType = wrapper.cfbundle; includeInIndex = 0; path = CityWeatherTests.xctest; sourceTree = BUILT_PRODUCTS_DIR; };
		438E319D2A2626F6006867EC /* CityWeatherTests.swift */ = {isa = PBXFileReference; lastKnownFileType = sourcecode.swift; path = CityWeatherTests.swift; sourceTree = "<group>"; };
		438E31A32A2626F6006867EC /* CityWeatherUITests.xctest */ = {isa = PBXFileReference; explicitFileType = wrapper.cfbundle; includeInIndex = 0; path = CityWeatherUITests.xctest; sourceTree = BUILT_PRODUCTS_DIR; };
		438E31A72A2626F6006867EC /* CityWeatherUITests.swift */ = {isa = PBXFileReference; lastKnownFileType = sourcecode.swift; path = CityWeatherUITests.swift; sourceTree = "<group>"; };
		438E31A92A2626F6006867EC /* CityWeatherUITestsLaunchTests.swift */ = {isa = PBXFileReference; lastKnownFileType = sourcecode.swift; path = CityWeatherUITestsLaunchTests.swift; sourceTree = "<group>"; };
		438E31B72A262800006867EC /* WeatherSearchViewController.swift */ = {isa = PBXFileReference; lastKnownFileType = sourcecode.swift; path = WeatherSearchViewController.swift; sourceTree = "<group>"; };
		438E31B92A263013006867EC /* WeatherSearchInteractor.swift */ = {isa = PBXFileReference; lastKnownFileType = sourcecode.swift; path = WeatherSearchInteractor.swift; sourceTree = "<group>"; };
		438E31BB2A263032006867EC /* WeatherSearchPresenter.swift */ = {isa = PBXFileReference; lastKnownFileType = sourcecode.swift; path = WeatherSearchPresenter.swift; sourceTree = "<group>"; };
		438E31C02A264EEE006867EC /* WeatherSearchRouter.swift */ = {isa = PBXFileReference; lastKnownFileType = sourcecode.swift; path = WeatherSearchRouter.swift; sourceTree = "<group>"; };
		438E31C32A26570B006867EC /* CityWeatherData.swift */ = {isa = PBXFileReference; lastKnownFileType = sourcecode.swift; path = CityWeatherData.swift; sourceTree = "<group>"; };
		438E31C52A265889006867EC /* WeatherSearchConfigurator.swift */ = {isa = PBXFileReference; lastKnownFileType = sourcecode.swift; path = WeatherSearchConfigurator.swift; sourceTree = "<group>"; };
		438E31C72A265B1C006867EC /* DayForecast.swift */ = {isa = PBXFileReference; lastKnownFileType = sourcecode.swift; path = DayForecast.swift; sourceTree = "<group>"; };
		438E31C92A265B46006867EC /* FutureForecasts.swift */ = {isa = PBXFileReference; lastKnownFileType = sourcecode.swift; path = FutureForecasts.swift; sourceTree = "<group>"; };
		438E31CD2A265BB0006867EC /* Weather.swift */ = {isa = PBXFileReference; lastKnownFileType = sourcecode.swift; path = Weather.swift; sourceTree = "<group>"; };
		438E31CF2A265E1D006867EC /* WeatherListDataSource.swift */ = {isa = PBXFileReference; lastKnownFileType = sourcecode.swift; path = WeatherListDataSource.swift; sourceTree = "<group>"; };
		438E31D22A2664EA006867EC /* MarginUnits.swift */ = {isa = PBXFileReference; lastKnownFileType = sourcecode.swift; path = MarginUnits.swift; sourceTree = "<group>"; };
		438E31D42A266B27006867EC /* StoryboardIdentifier.swift */ = {isa = PBXFileReference; lastKnownFileType = sourcecode.swift; path = StoryboardIdentifier.swift; sourceTree = "<group>"; };
		438E31D62A266CF9006867EC /* UIStoryboardExtension.swift */ = {isa = PBXFileReference; lastKnownFileType = sourcecode.swift; path = UIStoryboardExtension.swift; sourceTree = "<group>"; };
		438E31D92A267DB1006867EC /* WeatherService.swift */ = {isa = PBXFileReference; lastKnownFileType = sourcecode.swift; path = WeatherService.swift; sourceTree = "<group>"; };
		438E31DB2A267F82006867EC /* NetworkRequest.swift */ = {isa = PBXFileReference; lastKnownFileType = sourcecode.swift; path = NetworkRequest.swift; sourceTree = "<group>"; };
		438E31E12A268250006867EC /* ResponseError.swift */ = {isa = PBXFileReference; lastKnownFileType = sourcecode.swift; path = ResponseError.swift; sourceTree = "<group>"; };
		438E31E62A2684BD006867EC /* APIConstants.swift */ = {isa = PBXFileReference; lastKnownFileType = sourcecode.swift; path = APIConstants.swift; sourceTree = "<group>"; };
		438E31E82A268667006867EC /* HTTPClient.swift */ = {isa = PBXFileReference; lastKnownFileType = sourcecode.swift; path = HTTPClient.swift; sourceTree = "<group>"; };
		438E31EA2A269499006867EC /* ForecastService.swift */ = {isa = PBXFileReference; lastKnownFileType = sourcecode.swift; path = ForecastService.swift; sourceTree = "<group>"; };
		438E31ED2A269C88006867EC /* CityWeatherCell.swift */ = {isa = PBXFileReference; lastKnownFileType = sourcecode.swift; path = CityWeatherCell.swift; sourceTree = "<group>"; };
		438E31EF2A26AEC0006867EC /* WeatherForecastConfigurator.swift */ = {isa = PBXFileReference; lastKnownFileType = sourcecode.swift; path = WeatherForecastConfigurator.swift; sourceTree = "<group>"; };
		438E31F12A26AED7006867EC /* WeatherForecastRouter.swift */ = {isa = PBXFileReference; lastKnownFileType = sourcecode.swift; path = WeatherForecastRouter.swift; sourceTree = "<group>"; };
		438E31F32A26AEE5006867EC /* WeatherForecastPresenter.swift */ = {isa = PBXFileReference; lastKnownFileType = sourcecode.swift; path = WeatherForecastPresenter.swift; sourceTree = "<group>"; };
		438E31F52A26AEF3006867EC /* WeatherForecastInteractor.swift */ = {isa = PBXFileReference; lastKnownFileType = sourcecode.swift; path = WeatherForecastInteractor.swift; sourceTree = "<group>"; };
		438E31F82A26AF0C006867EC /* WeatherForecastViewController.swift */ = {isa = PBXFileReference; lastKnownFileType = sourcecode.swift; path = WeatherForecastViewController.swift; sourceTree = "<group>"; };
		438E31FC2A270D86006867EC /* CityWeatherCell.xib */ = {isa = PBXFileReference; lastKnownFileType = file.xib; path = CityWeatherCell.xib; sourceTree = "<group>"; };
		438E31FF2A271744006867EC /* UITableViewCellExtension.swift */ = {isa = PBXFileReference; lastKnownFileType = sourcecode.swift; path = UITableViewCellExtension.swift; sourceTree = "<group>"; };
		438E32022A271E40006867EC /* WeatherForecastDataSource.swift */ = {isa = PBXFileReference; lastKnownFileType = sourcecode.swift; path = WeatherForecastDataSource.swift; sourceTree = "<group>"; };
		438E32042A272CDD006867EC /* WeatherForecastCell.swift */ = {isa = PBXFileReference; lastKnownFileType = sourcecode.swift; path = WeatherForecastCell.swift; sourceTree = "<group>"; };
		438E32062A272CEC006867EC /* WeatherForecastCell.xib */ = {isa = PBXFileReference; lastKnownFileType = file.xib; path = WeatherForecastCell.xib; sourceTree = "<group>"; };
		438E32082A272EAA006867EC /* DateExtension.swift */ = {isa = PBXFileReference; lastKnownFileType = sourcecode.swift; path = DateExtension.swift; sourceTree = "<group>"; };
		43A5F3AA2A286CED001B6C12 /* Release-FeatureFlags.xcconfig */ = {isa = PBXFileReference; lastKnownFileType = text.xcconfig; path = "Release-FeatureFlags.xcconfig"; sourceTree = "<group>"; };
		43A5F3AC2A286D39001B6C12 /* Debug-FeatureFlags.xcconfig */ = {isa = PBXFileReference; lastKnownFileType = text.xcconfig; path = "Debug-FeatureFlags.xcconfig"; sourceTree = "<group>"; };
/* End PBXFileReference section */

/* Begin PBXFrameworksBuildPhase section */
		438E31802A2626F5006867EC /* Frameworks */ = {
			isa = PBXFrameworksBuildPhase;
			buildActionMask = 2147483647;
			files = (
			);
			runOnlyForDeploymentPostprocessing = 0;
		};
		438E31962A2626F6006867EC /* Frameworks */ = {
			isa = PBXFrameworksBuildPhase;
			buildActionMask = 2147483647;
			files = (
				43414E502A288BE9002E1EFB /* iOSSnapshotTestCase in Frameworks */,
			);
			runOnlyForDeploymentPostprocessing = 0;
		};
		438E31A02A2626F6006867EC /* Frameworks */ = {
			isa = PBXFrameworksBuildPhase;
			buildActionMask = 2147483647;
			files = (
			);
			runOnlyForDeploymentPostprocessing = 0;
		};
/* End PBXFrameworksBuildPhase section */

/* Begin PBXGroup section */
		43414E4E2A288BE9002E1EFB /* Frameworks */ = {
			isa = PBXGroup;
			children = (
			);
			name = Frameworks;
			sourceTree = "<group>";
		};
		43414E542A288CD7002E1EFB /* VIew */ = {
			isa = PBXGroup;
			children = (
				43414E552A288D0C002E1EFB /* WeatherSearchViewControllerTests.swift */,
			);
			path = VIew;
			sourceTree = "<group>";
		};
		43414E572A289757002E1EFB /* View */ = {
			isa = PBXGroup;
			children = (
				43414E582A28984D002E1EFB /* WeatherForecastViewControllerTests.swift */,
			);
			path = View;
			sourceTree = "<group>";
		};
		43792FE82A27CC9E00450EC4 /* Utility */ = {
			isa = PBXGroup;
			children = (
				43792FE92A27CE0000450EC4 /* StoryboardIdentifierTests.swift */,
			);
			path = Utility;
			sourceTree = "<group>";
		};
		43792FEB2A27CEF500450EC4 /* Extensions */ = {
			isa = PBXGroup;
			children = (
				43792FEC2A27CF2A00450EC4 /* DateExtensionTests.swift */,
			);
			path = Extensions;
			sourceTree = "<group>";
		};
		43792FEE2A27D0F600450EC4 /* Model */ = {
			isa = PBXGroup;
			children = (
				43792FEF2A27D10900450EC4 /* TestFutureForecasts.swift */,
				43792FF72A27D84800450EC4 /* CityWeatherDataTests.swift */,
			);
			path = Model;
			sourceTree = "<group>";
		};
		43792FF12A27D16700450EC4 /* Mocks */ = {
			isa = PBXGroup;
			children = (
				43792FF22A27D18B00450EC4 /* ForecastResponse.json */,
				43792FF92A27D8A700450EC4 /* CityWeatherDataResponse.json */,
			);
			path = Mocks;
			sourceTree = "<group>";
		};
		43792FF32A27D43F00450EC4 /* TestUtils */ = {
			isa = PBXGroup;
			children = (
				43792FF42A27D45800450EC4 /* TestUtils.swift */,
			);
			path = TestUtils;
			sourceTree = "<group>";
		};
		437930002A27DD9900450EC4 /* Service */ = {
			isa = PBXGroup;
			children = (
				437930012A27DDBC00450EC4 /* ForecastServiceTests.swift */,
				437930032A27E21600450EC4 /* WeatherServiceTests.swift */,
			);
			path = Service;
			sourceTree = "<group>";
		};
		437930052A27E37700450EC4 /* APIClient */ = {
			isa = PBXGroup;
			children = (
				437930062A27E3A900450EC4 /* ResponseErrorTests.swift */,
				437930082A27E58D00450EC4 /* NetworkRequestTests.swift */,
			);
			path = APIClient;
			sourceTree = "<group>";
		};
		4379300A2A27ED7C00450EC4 /* Feature */ = {
			isa = PBXGroup;
			children = (
				4379300B2A27EDB700450EC4 /* WeatherForecast */,
				437930122A27F85F00450EC4 /* WeatherSearch */,
			);
			path = Feature;
			sourceTree = "<group>";
		};
		4379300B2A27EDB700450EC4 /* WeatherForecast */ = {
			isa = PBXGroup;
			children = (
				4379300C2A27EDD600450EC4 /* WeatherForecastConfiguratorTests.swift */,
				4379300E2A27F10F00450EC4 /* WeatherForecastPresenterTests.swift */,
				437930102A27F44500450EC4 /* WeatherForecastInteractorTests.swift */,
				43414E572A289757002E1EFB /* View */,
			);
			path = WeatherForecast;
			sourceTree = "<group>";
		};
		437930122A27F85F00450EC4 /* WeatherSearch */ = {
			isa = PBXGroup;
			children = (
				437930132A27F9E700450EC4 /* WeatherSearchConfiguratorTests.swift */,
				437930152A27FB3800450EC4 /* WeatherSearchRouterTests.swift */,
				437930172A27FFA200450EC4 /* WeatherSearchPresenterTests.swift */,
				437930192A28048300450EC4 /* WeatherSearchInteractorTests.swift */,
				43414E542A288CD7002E1EFB /* VIew */,
			);
			path = WeatherSearch;
			sourceTree = "<group>";
		};
		438E317A2A2626F5006867EC = {
			isa = PBXGroup;
			children = (
				438E31852A2626F5006867EC /* CityWeather */,
				438E319C2A2626F6006867EC /* CityWeatherTests */,
				438E31A62A2626F6006867EC /* CityWeatherUITests */,
				438E31842A2626F5006867EC /* Products */,
				43414E4E2A288BE9002E1EFB /* Frameworks */,
			);
			sourceTree = "<group>";
		};
		438E31842A2626F5006867EC /* Products */ = {
			isa = PBXGroup;
			children = (
				438E31832A2626F5006867EC /* CityWeather.app */,
				438E31992A2626F6006867EC /* CityWeatherTests.xctest */,
				438E31A32A2626F6006867EC /* CityWeatherUITests.xctest */,
			);
			name = Products;
			sourceTree = "<group>";
		};
		438E31852A2626F5006867EC /* CityWeather */ = {
			isa = PBXGroup;
			children = (
				43A5F3A92A286CA6001B6C12 /* FeatureFlags */,
				438E31E52A2683D2006867EC /* APIClient */,
				438E31D82A267B89006867EC /* Service */,
				438E31BD2A26317E006867EC /* Model */,
				438E31B62A262764006867EC /* Feature */,
				438E31FE2A271724006867EC /* Extensions */,
				438E31D12A266484006867EC /* Utility */,
				438E32012A271DEC006867EC /* Resources */,
				438E31862A2626F5006867EC /* AppDelegate.swift */,
				438E31882A2626F5006867EC /* SceneDelegate.swift */,
				438E31942A2626F6006867EC /* Info.plist */,
			);
			path = CityWeather;
			sourceTree = "<group>";
		};
		438E319C2A2626F6006867EC /* CityWeatherTests */ = {
			isa = PBXGroup;
			children = (
				437930052A27E37700450EC4 /* APIClient */,
				437930002A27DD9900450EC4 /* Service */,
				43792FEE2A27D0F600450EC4 /* Model */,
				4379300A2A27ED7C00450EC4 /* Feature */,
				43792FEB2A27CEF500450EC4 /* Extensions */,
				43792FE82A27CC9E00450EC4 /* Utility */,
				43792FF32A27D43F00450EC4 /* TestUtils */,
				43792FF12A27D16700450EC4 /* Mocks */,
				438E319D2A2626F6006867EC /* CityWeatherTests.swift */,
			);
			path = CityWeatherTests;
			sourceTree = "<group>";
		};
		438E31A62A2626F6006867EC /* CityWeatherUITests */ = {
			isa = PBXGroup;
			children = (
				438E31A72A2626F6006867EC /* CityWeatherUITests.swift */,
				438E31A92A2626F6006867EC /* CityWeatherUITestsLaunchTests.swift */,
			);
			path = CityWeatherUITests;
			sourceTree = "<group>";
		};
		438E31B62A262764006867EC /* Feature */ = {
			isa = PBXGroup;
			children = (
				438E31EC2A269C06006867EC /* WeatherForecast */,
				438E31C22A265116006867EC /* WeatherSearch */,
			);
			path = Feature;
			sourceTree = "<group>";
		};
		438E31BD2A26317E006867EC /* Model */ = {
			isa = PBXGroup;
			children = (
				438E31CD2A265BB0006867EC /* Weather.swift */,
				438E31C72A265B1C006867EC /* DayForecast.swift */,
				438E31C92A265B46006867EC /* FutureForecasts.swift */,
				438E31C32A26570B006867EC /* CityWeatherData.swift */,
			);
			path = Model;
			sourceTree = "<group>";
		};
		438E31BF2A264EC1006867EC /* View */ = {
			isa = PBXGroup;
			children = (
				438E31B72A262800006867EC /* WeatherSearchViewController.swift */,
				438E31CF2A265E1D006867EC /* WeatherListDataSource.swift */,
				438E31ED2A269C88006867EC /* CityWeatherCell.swift */,
				438E31FC2A270D86006867EC /* CityWeatherCell.xib */,
			);
			path = View;
			sourceTree = "<group>";
		};
		438E31C22A265116006867EC /* WeatherSearch */ = {
			isa = PBXGroup;
			children = (
				438E31C52A265889006867EC /* WeatherSearchConfigurator.swift */,
				438E31C02A264EEE006867EC /* WeatherSearchRouter.swift */,
				438E31BB2A263032006867EC /* WeatherSearchPresenter.swift */,
				438E31B92A263013006867EC /* WeatherSearchInteractor.swift */,
				438E31BF2A264EC1006867EC /* View */,
			);
			path = WeatherSearch;
			sourceTree = "<group>";
		};
		438E31D12A266484006867EC /* Utility */ = {
			isa = PBXGroup;
			children = (
				438E31D22A2664EA006867EC /* MarginUnits.swift */,
				438E31D42A266B27006867EC /* StoryboardIdentifier.swift */,
				43792FC92A2788F700450EC4 /* Theme.swift */,
				43792FD42A27929A00450EC4 /* LocalizationKeys.swift */,
			);
			path = Utility;
			sourceTree = "<group>";
		};
		438E31D82A267B89006867EC /* Service */ = {
			isa = PBXGroup;
			children = (
				438E31D92A267DB1006867EC /* WeatherService.swift */,
				438E31EA2A269499006867EC /* ForecastService.swift */,
			);
			path = Service;
			sourceTree = "<group>";
		};
		438E31E52A2683D2006867EC /* APIClient */ = {
			isa = PBXGroup;
			children = (
				438E31E62A2684BD006867EC /* APIConstants.swift */,
				438E31E12A268250006867EC /* ResponseError.swift */,
				438E31DB2A267F82006867EC /* NetworkRequest.swift */,
				438E31E82A268667006867EC /* HTTPClient.swift */,
				43792FFB2A27DB4E00450EC4 /* MockHTTPClient.swift */,
			);
			path = APIClient;
			sourceTree = "<group>";
		};
		438E31EC2A269C06006867EC /* WeatherForecast */ = {
			isa = PBXGroup;
			children = (
				438E31EF2A26AEC0006867EC /* WeatherForecastConfigurator.swift */,
				438E31F12A26AED7006867EC /* WeatherForecastRouter.swift */,
				438E31F32A26AEE5006867EC /* WeatherForecastPresenter.swift */,
				438E31F52A26AEF3006867EC /* WeatherForecastInteractor.swift */,
				438E31F72A26AEFA006867EC /* View */,
			);
			path = WeatherForecast;
			sourceTree = "<group>";
		};
		438E31F72A26AEFA006867EC /* View */ = {
			isa = PBXGroup;
			children = (
				438E31F82A26AF0C006867EC /* WeatherForecastViewController.swift */,
				438E32022A271E40006867EC /* WeatherForecastDataSource.swift */,
				438E32042A272CDD006867EC /* WeatherForecastCell.swift */,
				438E32062A272CEC006867EC /* WeatherForecastCell.xib */,
			);
			path = View;
			sourceTree = "<group>";
		};
		438E31FE2A271724006867EC /* Extensions */ = {
			isa = PBXGroup;
			children = (
				438E31FF2A271744006867EC /* UITableViewCellExtension.swift */,
				438E31D62A266CF9006867EC /* UIStoryboardExtension.swift */,
				438E32082A272EAA006867EC /* DateExtension.swift */,
				43792FD12A27922200450EC4 /* StringExtension.swift */,
			);
			path = Extensions;
			sourceTree = "<group>";
		};
		438E32012A271DEC006867EC /* Resources */ = {
			isa = PBXGroup;
			children = (
				43792FCF2A278D7700450EC4 /* Localizable.strings */,
				438E318C2A2626F5006867EC /* Main.storyboard */,
				438E31912A2626F6006867EC /* LaunchScreen.storyboard */,
				438E318F2A2626F6006867EC /* Assets.xcassets */,
			);
			path = Resources;
			sourceTree = "<group>";
		};
		43A5F3A92A286CA6001B6C12 /* FeatureFlags */ = {
			isa = PBXGroup;
			children = (
				43A5F3AA2A286CED001B6C12 /* Release-FeatureFlags.xcconfig */,
				43A5F3AC2A286D39001B6C12 /* Debug-FeatureFlags.xcconfig */,
			);
			path = FeatureFlags;
			sourceTree = "<group>";
		};
/* End PBXGroup section */

/* Begin PBXNativeTarget section */
		438E31822A2626F5006867EC /* CityWeather */ = {
			isa = PBXNativeTarget;
			buildConfigurationList = 438E31AD2A2626F6006867EC /* Build configuration list for PBXNativeTarget "CityWeather" */;
			buildPhases = (
				438E317F2A2626F5006867EC /* Sources */,
				438E31802A2626F5006867EC /* Frameworks */,
				438E31812A2626F5006867EC /* Resources */,
				43792FE72A27C2C100450EC4 /* ShellScript */,
			);
			buildRules = (
			);
			dependencies = (
			);
			name = CityWeather;
			packageProductDependencies = (
			);
			productName = CityWeather;
			productReference = 438E31832A2626F5006867EC /* CityWeather.app */;
			productType = "com.apple.product-type.application";
		};
		438E31982A2626F6006867EC /* CityWeatherTests */ = {
			isa = PBXNativeTarget;
			buildConfigurationList = 438E31B02A2626F6006867EC /* Build configuration list for PBXNativeTarget "CityWeatherTests" */;
			buildPhases = (
				438E31952A2626F6006867EC /* Sources */,
				438E31962A2626F6006867EC /* Frameworks */,
				438E31972A2626F6006867EC /* Resources */,
				43414E512A288BE9002E1EFB /* Embed Frameworks */,
			);
			buildRules = (
			);
			dependencies = (
				438E319B2A2626F6006867EC /* PBXTargetDependency */,
			);
			name = CityWeatherTests;
			packageProductDependencies = (
				43414E4F2A288BE9002E1EFB /* iOSSnapshotTestCase */,
			);
			productName = CityWeatherTests;
			productReference = 438E31992A2626F6006867EC /* CityWeatherTests.xctest */;
			productType = "com.apple.product-type.bundle.unit-test";
		};
		438E31A22A2626F6006867EC /* CityWeatherUITests */ = {
			isa = PBXNativeTarget;
			buildConfigurationList = 438E31B32A2626F6006867EC /* Build configuration list for PBXNativeTarget "CityWeatherUITests" */;
			buildPhases = (
				438E319F2A2626F6006867EC /* Sources */,
				438E31A02A2626F6006867EC /* Frameworks */,
				438E31A12A2626F6006867EC /* Resources */,
			);
			buildRules = (
			);
			dependencies = (
				438E31A52A2626F6006867EC /* PBXTargetDependency */,
			);
			name = CityWeatherUITests;
			productName = CityWeatherUITests;
			productReference = 438E31A32A2626F6006867EC /* CityWeatherUITests.xctest */;
			productType = "com.apple.product-type.bundle.ui-testing";
		};
/* End PBXNativeTarget section */

/* Begin PBXProject section */
		438E317B2A2626F5006867EC /* Project object */ = {
			isa = PBXProject;
			attributes = {
				BuildIndependentTargetsInParallel = 1;
				LastSwiftUpdateCheck = 1420;
				LastUpgradeCheck = 1420;
				TargetAttributes = {
					438E31822A2626F5006867EC = {
						CreatedOnToolsVersion = 14.2;
					};
					438E31982A2626F6006867EC = {
						CreatedOnToolsVersion = 14.2;
						TestTargetID = 438E31822A2626F5006867EC;
					};
					438E31A22A2626F6006867EC = {
						CreatedOnToolsVersion = 14.2;
						TestTargetID = 438E31822A2626F5006867EC;
					};
				};
			};
			buildConfigurationList = 438E317E2A2626F5006867EC /* Build configuration list for PBXProject "CityWeather" */;
			compatibilityVersion = "Xcode 14.0";
			developmentRegion = en;
			hasScannedForEncodings = 0;
			knownRegions = (
				en,
				Base,
			);
			mainGroup = 438E317A2A2626F5006867EC;
			packageReferences = (
				43414E4B2A288BE0002E1EFB /* XCRemoteSwiftPackageReference "ios-snapshot-test-case" */,
			);
			productRefGroup = 438E31842A2626F5006867EC /* Products */;
			projectDirPath = "";
			projectRoot = "";
			targets = (
				438E31822A2626F5006867EC /* CityWeather */,
				438E31982A2626F6006867EC /* CityWeatherTests */,
				438E31A22A2626F6006867EC /* CityWeatherUITests */,
			);
		};
/* End PBXProject section */

/* Begin PBXResourcesBuildPhase section */
		438E31812A2626F5006867EC /* Resources */ = {
			isa = PBXResourcesBuildPhase;
			buildActionMask = 2147483647;
			files = (
				438E31932A2626F6006867EC /* LaunchScreen.storyboard in Resources */,
				43792FD02A278D7700450EC4 /* Localizable.strings in Resources */,
				438E31FD2A270D86006867EC /* CityWeatherCell.xib in Resources */,
				43A5F3AD2A286D39001B6C12 /* Debug-FeatureFlags.xcconfig in Resources */,
				438E31902A2626F6006867EC /* Assets.xcassets in Resources */,
				438E32072A272CEC006867EC /* WeatherForecastCell.xib in Resources */,
				43792FFE2A27DC2D00450EC4 /* ForecastResponse.json in Resources */,
				43792FFF2A27DC3000450EC4 /* CityWeatherDataResponse.json in Resources */,
				43A5F3AB2A286CED001B6C12 /* Release-FeatureFlags.xcconfig in Resources */,
				438E318E2A2626F5006867EC /* Main.storyboard in Resources */,
			);
			runOnlyForDeploymentPostprocessing = 0;
		};
		438E31972A2626F6006867EC /* Resources */ = {
			isa = PBXResourcesBuildPhase;
			buildActionMask = 2147483647;
			files = (
				43792FFA2A27D8AB00450EC4 /* CityWeatherDataResponse.json in Resources */,
				43792FF62A27D72400450EC4 /* ForecastResponse.json in Resources */,
			);
			runOnlyForDeploymentPostprocessing = 0;
		};
		438E31A12A2626F6006867EC /* Resources */ = {
			isa = PBXResourcesBuildPhase;
			buildActionMask = 2147483647;
			files = (
			);
			runOnlyForDeploymentPostprocessing = 0;
		};
/* End PBXResourcesBuildPhase section */

/* Begin PBXShellScriptBuildPhase section */
		43792FE72A27C2C100450EC4 /* ShellScript */ = {
			isa = PBXShellScriptBuildPhase;
			alwaysOutOfDate = 1;
			buildActionMask = 12;
			files = (
			);
			inputFileListPaths = (
			);
			inputPaths = (
			);
			outputFileListPaths = (
			);
			outputPaths = (
			);
			runOnlyForDeploymentPostprocessing = 0;
			shellPath = /bin/sh;
			shellScript = "# Type a script or drag a script file from your workspace to insert its path.\nexport PATH=\"$PATH:/opt/homebrew/bin\"\nif which swiftlint >/dev/null; then\n  swiftlint\nelse\n  echo \"warning: SwiftLint not installed, download from https://github.com/realm/SwiftLint\"\nfi\n";
		};
/* End PBXShellScriptBuildPhase section */

/* Begin PBXSourcesBuildPhase section */
		438E317F2A2626F5006867EC /* Sources */ = {
			isa = PBXSourcesBuildPhase;
			buildActionMask = 2147483647;
			files = (
				438E31DA2A267DB1006867EC /* WeatherService.swift in Sources */,
				438E31DC2A267F82006867EC /* NetworkRequest.swift in Sources */,
				438E31BC2A263032006867EC /* WeatherSearchPresenter.swift in Sources */,
				438E31C12A264EEE006867EC /* WeatherSearchRouter.swift in Sources */,
				438E32092A272EAA006867EC /* DateExtension.swift in Sources */,
				438E31F42A26AEE5006867EC /* WeatherForecastPresenter.swift in Sources */,
				438E32032A271E40006867EC /* WeatherForecastDataSource.swift in Sources */,
				438E31C42A26570B006867EC /* CityWeatherData.swift in Sources */,
				438E31D52A266B27006867EC /* StoryboardIdentifier.swift in Sources */,
				438E31E92A268667006867EC /* HTTPClient.swift in Sources */,
				438E31CE2A265BB0006867EC /* Weather.swift in Sources */,
				438E31E22A268250006867EC /* ResponseError.swift in Sources */,
				438E31EE2A269C88006867EC /* CityWeatherCell.swift in Sources */,
				438E32002A271744006867EC /* UITableViewCellExtension.swift in Sources */,
				438E31E72A2684BD006867EC /* APIConstants.swift in Sources */,
				438E31D32A2664EA006867EC /* MarginUnits.swift in Sources */,
				438E31CA2A265B46006867EC /* FutureForecasts.swift in Sources */,
				438E31F92A26AF0C006867EC /* WeatherForecastViewController.swift in Sources */,
				438E32052A272CDD006867EC /* WeatherForecastCell.swift in Sources */,
				438E31D72A266CF9006867EC /* UIStoryboardExtension.swift in Sources */,
				43792FD22A27922200450EC4 /* StringExtension.swift in Sources */,
				438E31F22A26AED7006867EC /* WeatherForecastRouter.swift in Sources */,
				438E31D02A265E1D006867EC /* WeatherListDataSource.swift in Sources */,
				43792FFC2A27DB4F00450EC4 /* MockHTTPClient.swift in Sources */,
				438E31C62A265889006867EC /* WeatherSearchConfigurator.swift in Sources */,
				438E31BA2A263013006867EC /* WeatherSearchInteractor.swift in Sources */,
				438E31F02A26AEC0006867EC /* WeatherForecastConfigurator.swift in Sources */,
				43792FCA2A2788F700450EC4 /* Theme.swift in Sources */,
				438E31C82A265B1C006867EC /* DayForecast.swift in Sources */,
				438E31872A2626F5006867EC /* AppDelegate.swift in Sources */,
				438E31EB2A269499006867EC /* ForecastService.swift in Sources */,
				43792FFD2A27DC2800450EC4 /* TestUtils.swift in Sources */,
				438E31892A2626F5006867EC /* SceneDelegate.swift in Sources */,
				438E31F62A26AEF3006867EC /* WeatherForecastInteractor.swift in Sources */,
				43792FD52A27929A00450EC4 /* LocalizationKeys.swift in Sources */,
				438E31B82A262800006867EC /* WeatherSearchViewController.swift in Sources */,
			);
			runOnlyForDeploymentPostprocessing = 0;
		};
		438E31952A2626F6006867EC /* Sources */ = {
			isa = PBXSourcesBuildPhase;
			buildActionMask = 2147483647;
			files = (
				437930112A27F44500450EC4 /* WeatherForecastInteractorTests.swift in Sources */,
				4379300F2A27F10F00450EC4 /* WeatherForecastPresenterTests.swift in Sources */,
				437930072A27E3A900450EC4 /* ResponseErrorTests.swift in Sources */,
				437930142A27F9E700450EC4 /* WeatherSearchConfiguratorTests.swift in Sources */,
				437930162A27FB3800450EC4 /* WeatherSearchRouterTests.swift in Sources */,
				437930042A27E21600450EC4 /* WeatherServiceTests.swift in Sources */,
				438E319E2A2626F6006867EC /* CityWeatherTests.swift in Sources */,
				437930182A27FFA200450EC4 /* WeatherSearchPresenterTests.swift in Sources */,
				43792FF82A27D84800450EC4 /* CityWeatherDataTests.swift in Sources */,
				43414E592A28984D002E1EFB /* WeatherForecastViewControllerTests.swift in Sources */,
				4379301A2A28048300450EC4 /* WeatherSearchInteractorTests.swift in Sources */,
				437930092A27E58D00450EC4 /* NetworkRequestTests.swift in Sources */,
				43414E562A288D0C002E1EFB /* WeatherSearchViewControllerTests.swift in Sources */,
				43792FF02A27D10900450EC4 /* TestFutureForecasts.swift in Sources */,
				437930022A27DDBC00450EC4 /* ForecastServiceTests.swift in Sources */,
				43792FED2A27CF2A00450EC4 /* DateExtensionTests.swift in Sources */,
				43792FF52A27D45800450EC4 /* TestUtils.swift in Sources */,
				4379300D2A27EDD600450EC4 /* WeatherForecastConfiguratorTests.swift in Sources */,
				43792FEA2A27CE0000450EC4 /* StoryboardIdentifierTests.swift in Sources */,
			);
			runOnlyForDeploymentPostprocessing = 0;
		};
		438E319F2A2626F6006867EC /* Sources */ = {
			isa = PBXSourcesBuildPhase;
			buildActionMask = 2147483647;
			files = (
				438E31AA2A2626F6006867EC /* CityWeatherUITestsLaunchTests.swift in Sources */,
				438E31A82A2626F6006867EC /* CityWeatherUITests.swift in Sources */,
			);
			runOnlyForDeploymentPostprocessing = 0;
		};
/* End PBXSourcesBuildPhase section */

/* Begin PBXTargetDependency section */
		438E319B2A2626F6006867EC /* PBXTargetDependency */ = {
			isa = PBXTargetDependency;
			target = 438E31822A2626F5006867EC /* CityWeather */;
			targetProxy = 438E319A2A2626F6006867EC /* PBXContainerItemProxy */;
		};
		438E31A52A2626F6006867EC /* PBXTargetDependency */ = {
			isa = PBXTargetDependency;
			target = 438E31822A2626F5006867EC /* CityWeather */;
			targetProxy = 438E31A42A2626F6006867EC /* PBXContainerItemProxy */;
		};
/* End PBXTargetDependency section */

/* Begin PBXVariantGroup section */
		438E318C2A2626F5006867EC /* Main.storyboard */ = {
			isa = PBXVariantGroup;
			children = (
				43792FCD2A278CF000450EC4 /* Base */,
			);
			name = Main.storyboard;
			sourceTree = "<group>";
		};
		438E31912A2626F6006867EC /* LaunchScreen.storyboard */ = {
			isa = PBXVariantGroup;
			children = (
				43792FCE2A278CF000450EC4 /* Base */,
			);
			name = LaunchScreen.storyboard;
			sourceTree = "<group>";
		};
/* End PBXVariantGroup section */

/* Begin XCBuildConfiguration section */
		438E31AB2A2626F6006867EC /* Debug */ = {
			isa = XCBuildConfiguration;
			baseConfigurationReference = 43A5F3AC2A286D39001B6C12 /* Debug-FeatureFlags.xcconfig */;
			buildSettings = {
				ALWAYS_SEARCH_USER_PATHS = NO;
				CLANG_ANALYZER_NONNULL = YES;
				CLANG_ANALYZER_NUMBER_OBJECT_CONVERSION = YES_AGGRESSIVE;
				CLANG_CXX_LANGUAGE_STANDARD = "gnu++20";
				CLANG_ENABLE_MODULES = YES;
				CLANG_ENABLE_OBJC_ARC = YES;
				CLANG_ENABLE_OBJC_WEAK = YES;
				CLANG_WARN_BLOCK_CAPTURE_AUTORELEASING = YES;
				CLANG_WARN_BOOL_CONVERSION = YES;
				CLANG_WARN_COMMA = YES;
				CLANG_WARN_CONSTANT_CONVERSION = YES;
				CLANG_WARN_DEPRECATED_OBJC_IMPLEMENTATIONS = YES;
				CLANG_WARN_DIRECT_OBJC_ISA_USAGE = YES_ERROR;
				CLANG_WARN_DOCUMENTATION_COMMENTS = YES;
				CLANG_WARN_EMPTY_BODY = YES;
				CLANG_WARN_ENUM_CONVERSION = YES;
				CLANG_WARN_INFINITE_RECURSION = YES;
				CLANG_WARN_INT_CONVERSION = YES;
				CLANG_WARN_NON_LITERAL_NULL_CONVERSION = YES;
				CLANG_WARN_OBJC_IMPLICIT_RETAIN_SELF = YES;
				CLANG_WARN_OBJC_LITERAL_CONVERSION = YES;
				CLANG_WARN_OBJC_ROOT_CLASS = YES_ERROR;
				CLANG_WARN_QUOTED_INCLUDE_IN_FRAMEWORK_HEADER = YES;
				CLANG_WARN_RANGE_LOOP_ANALYSIS = YES;
				CLANG_WARN_STRICT_PROTOTYPES = YES;
				CLANG_WARN_SUSPICIOUS_MOVE = YES;
				CLANG_WARN_UNGUARDED_AVAILABILITY = YES_AGGRESSIVE;
				CLANG_WARN_UNREACHABLE_CODE = YES;
				CLANG_WARN__DUPLICATE_METHOD_MATCH = YES;
				COPY_PHASE_STRIP = NO;
				DEBUG_INFORMATION_FORMAT = dwarf;
				ENABLE_STRICT_OBJC_MSGSEND = YES;
				ENABLE_TESTABILITY = YES;
				GCC_C_LANGUAGE_STANDARD = gnu11;
				GCC_DYNAMIC_NO_PIC = NO;
				GCC_NO_COMMON_BLOCKS = YES;
				GCC_OPTIMIZATION_LEVEL = 0;
				GCC_PREPROCESSOR_DEFINITIONS = (
					"DEBUG=1",
					"$(inherited)",
				);
				GCC_WARN_64_TO_32_BIT_CONVERSION = YES;
				GCC_WARN_ABOUT_RETURN_TYPE = YES_ERROR;
				GCC_WARN_UNDECLARED_SELECTOR = YES;
				GCC_WARN_UNINITIALIZED_AUTOS = YES_AGGRESSIVE;
				GCC_WARN_UNUSED_FUNCTION = YES;
				GCC_WARN_UNUSED_VARIABLE = YES;
				IPHONEOS_DEPLOYMENT_TARGET = 16.2;
				MTL_ENABLE_DEBUG_INFO = INCLUDE_SOURCE;
				MTL_FAST_MATH = YES;
				ONLY_ACTIVE_ARCH = YES;
				SDKROOT = iphoneos;
				SWIFT_ACTIVE_COMPILATION_CONDITIONS = DEBUG;
				SWIFT_OPTIMIZATION_LEVEL = "-Onone";
			};
			name = Debug;
		};
		438E31AC2A2626F6006867EC /* Release */ = {
			isa = XCBuildConfiguration;
			baseConfigurationReference = 43A5F3AA2A286CED001B6C12 /* Release-FeatureFlags.xcconfig */;
			buildSettings = {
				ALWAYS_SEARCH_USER_PATHS = NO;
				CLANG_ANALYZER_NONNULL = YES;
				CLANG_ANALYZER_NUMBER_OBJECT_CONVERSION = YES_AGGRESSIVE;
				CLANG_CXX_LANGUAGE_STANDARD = "gnu++20";
				CLANG_ENABLE_MODULES = YES;
				CLANG_ENABLE_OBJC_ARC = YES;
				CLANG_ENABLE_OBJC_WEAK = YES;
				CLANG_WARN_BLOCK_CAPTURE_AUTORELEASING = YES;
				CLANG_WARN_BOOL_CONVERSION = YES;
				CLANG_WARN_COMMA = YES;
				CLANG_WARN_CONSTANT_CONVERSION = YES;
				CLANG_WARN_DEPRECATED_OBJC_IMPLEMENTATIONS = YES;
				CLANG_WARN_DIRECT_OBJC_ISA_USAGE = YES_ERROR;
				CLANG_WARN_DOCUMENTATION_COMMENTS = YES;
				CLANG_WARN_EMPTY_BODY = YES;
				CLANG_WARN_ENUM_CONVERSION = YES;
				CLANG_WARN_INFINITE_RECURSION = YES;
				CLANG_WARN_INT_CONVERSION = YES;
				CLANG_WARN_NON_LITERAL_NULL_CONVERSION = YES;
				CLANG_WARN_OBJC_IMPLICIT_RETAIN_SELF = YES;
				CLANG_WARN_OBJC_LITERAL_CONVERSION = YES;
				CLANG_WARN_OBJC_ROOT_CLASS = YES_ERROR;
				CLANG_WARN_QUOTED_INCLUDE_IN_FRAMEWORK_HEADER = YES;
				CLANG_WARN_RANGE_LOOP_ANALYSIS = YES;
				CLANG_WARN_STRICT_PROTOTYPES = YES;
				CLANG_WARN_SUSPICIOUS_MOVE = YES;
				CLANG_WARN_UNGUARDED_AVAILABILITY = YES_AGGRESSIVE;
				CLANG_WARN_UNREACHABLE_CODE = YES;
				CLANG_WARN__DUPLICATE_METHOD_MATCH = YES;
				COPY_PHASE_STRIP = NO;
				DEBUG_INFORMATION_FORMAT = "dwarf-with-dsym";
				ENABLE_NS_ASSERTIONS = NO;
				ENABLE_STRICT_OBJC_MSGSEND = YES;
				GCC_C_LANGUAGE_STANDARD = gnu11;
				GCC_NO_COMMON_BLOCKS = YES;
				GCC_WARN_64_TO_32_BIT_CONVERSION = YES;
				GCC_WARN_ABOUT_RETURN_TYPE = YES_ERROR;
				GCC_WARN_UNDECLARED_SELECTOR = YES;
				GCC_WARN_UNINITIALIZED_AUTOS = YES_AGGRESSIVE;
				GCC_WARN_UNUSED_FUNCTION = YES;
				GCC_WARN_UNUSED_VARIABLE = YES;
				IPHONEOS_DEPLOYMENT_TARGET = 16.2;
				MTL_ENABLE_DEBUG_INFO = NO;
				MTL_FAST_MATH = YES;
				SDKROOT = iphoneos;
				SWIFT_COMPILATION_MODE = wholemodule;
				SWIFT_OPTIMIZATION_LEVEL = "-O";
				VALIDATE_PRODUCT = YES;
			};
			name = Release;
		};
		438E31AE2A2626F6006867EC /* Debug */ = {
			isa = XCBuildConfiguration;
			baseConfigurationReference = 43A5F3AC2A286D39001B6C12 /* Debug-FeatureFlags.xcconfig */;
			buildSettings = {
				ASSETCATALOG_COMPILER_APPICON_NAME = AppIcon;
				ASSETCATALOG_COMPILER_GLOBAL_ACCENT_COLOR_NAME = AccentColor;
				CODE_SIGN_IDENTITY = "Apple Development";
				CODE_SIGN_STYLE = Automatic;
				CURRENT_PROJECT_VERSION = 1;
				DEVELOPMENT_TEAM = N6859F3C8L;
				GENERATE_INFOPLIST_FILE = YES;
				INFOPLIST_FILE = CityWeather/Info.plist;
				INFOPLIST_KEY_UIApplicationSupportsIndirectInputEvents = YES;
				INFOPLIST_KEY_UILaunchStoryboardName = LaunchScreen;
				INFOPLIST_KEY_UIMainStoryboardFile = Main;
				INFOPLIST_KEY_UISupportedInterfaceOrientations = "UIInterfaceOrientationLandscapeLeft UIInterfaceOrientationLandscapeRight UIInterfaceOrientationPortrait UIInterfaceOrientationPortraitUpsideDown";
				LD_RUNPATH_SEARCH_PATHS = (
					"$(inherited)",
					"@executable_path/Frameworks",
				);
				MARKETING_VERSION = 1.0;
				PRODUCT_BUNDLE_IDENTIFIER = com.rohitragmahale.CityWeather;
				PRODUCT_NAME = "$(TARGET_NAME)";
				PROVISIONING_PROFILE_SPECIFIER = "";
				SWIFT_EMIT_LOC_STRINGS = YES;
				SWIFT_VERSION = 5.0;
				TARGETED_DEVICE_FAMILY = "1,2";
			};
			name = Debug;
		};
		438E31AF2A2626F6006867EC /* Release */ = {
			isa = XCBuildConfiguration;
			baseConfigurationReference = 43A5F3AA2A286CED001B6C12 /* Release-FeatureFlags.xcconfig */;
			buildSettings = {
				ASSETCATALOG_COMPILER_APPICON_NAME = AppIcon;
				ASSETCATALOG_COMPILER_GLOBAL_ACCENT_COLOR_NAME = AccentColor;
				CODE_SIGN_IDENTITY = "Apple Development";
				CODE_SIGN_STYLE = Automatic;
				CURRENT_PROJECT_VERSION = 1;
				DEVELOPMENT_TEAM = N6859F3C8L;
				GENERATE_INFOPLIST_FILE = YES;
				INFOPLIST_FILE = CityWeather/Info.plist;
				INFOPLIST_KEY_UIApplicationSupportsIndirectInputEvents = YES;
				INFOPLIST_KEY_UILaunchStoryboardName = LaunchScreen;
				INFOPLIST_KEY_UIMainStoryboardFile = Main;
				INFOPLIST_KEY_UISupportedInterfaceOrientations = "UIInterfaceOrientationLandscapeLeft UIInterfaceOrientationLandscapeRight UIInterfaceOrientationPortrait UIInterfaceOrientationPortraitUpsideDown";
				LD_RUNPATH_SEARCH_PATHS = (
					"$(inherited)",
					"@executable_path/Frameworks",
				);
				MARKETING_VERSION = 1.0;
				PRODUCT_BUNDLE_IDENTIFIER = com.rohitragmahale.CityWeather;
				PRODUCT_NAME = "$(TARGET_NAME)";
				PROVISIONING_PROFILE_SPECIFIER = "";
				SWIFT_EMIT_LOC_STRINGS = YES;
				SWIFT_VERSION = 5.0;
				TARGETED_DEVICE_FAMILY = "1,2";
			};
			name = Release;
		};
		438E31B12A2626F6006867EC /* Debug */ = {
			isa = XCBuildConfiguration;
			baseConfigurationReference = 43A5F3AC2A286D39001B6C12 /* Debug-FeatureFlags.xcconfig */;
			buildSettings = {
				ALWAYS_EMBED_SWIFT_STANDARD_LIBRARIES = YES;
				BUNDLE_LOADER = "$(TEST_HOST)";
				CODE_SIGN_STYLE = Automatic;
				CURRENT_PROJECT_VERSION = 1;
				DEVELOPMENT_TEAM = N6859F3C8L;
				GENERATE_INFOPLIST_FILE = YES;
				IPHONEOS_DEPLOYMENT_TARGET = 16.2;
				MARKETING_VERSION = 1.0;
				PRODUCT_BUNDLE_IDENTIFIER = com.rohitragmahale.CityWeatherTests;
				PRODUCT_NAME = "$(TARGET_NAME)";
				SWIFT_EMIT_LOC_STRINGS = NO;
				SWIFT_VERSION = 5.0;
				TARGETED_DEVICE_FAMILY = "1,2";
				TEST_HOST = "$(BUILT_PRODUCTS_DIR)/CityWeather.app/$(BUNDLE_EXECUTABLE_FOLDER_PATH)/CityWeather";
			};
			name = Debug;
		};
		438E31B22A2626F6006867EC /* Release */ = {
			isa = XCBuildConfiguration;
			baseConfigurationReference = 43A5F3AA2A286CED001B6C12 /* Release-FeatureFlags.xcconfig */;
			buildSettings = {
				ALWAYS_EMBED_SWIFT_STANDARD_LIBRARIES = YES;
				BUNDLE_LOADER = "$(TEST_HOST)";
				CODE_SIGN_STYLE = Automatic;
				CURRENT_PROJECT_VERSION = 1;
				DEVELOPMENT_TEAM = N6859F3C8L;
				GENERATE_INFOPLIST_FILE = YES;
				IPHONEOS_DEPLOYMENT_TARGET = 16.2;
				MARKETING_VERSION = 1.0;
				PRODUCT_BUNDLE_IDENTIFIER = com.rohitragmahale.CityWeatherTests;
				PRODUCT_NAME = "$(TARGET_NAME)";
				SWIFT_EMIT_LOC_STRINGS = NO;
				SWIFT_VERSION = 5.0;
				TARGETED_DEVICE_FAMILY = "1,2";
				TEST_HOST = "$(BUILT_PRODUCTS_DIR)/CityWeather.app/$(BUNDLE_EXECUTABLE_FOLDER_PATH)/CityWeather";
			};
			name = Release;
		};
		438E31B42A2626F6006867EC /* Debug */ = {
			isa = XCBuildConfiguration;
			baseConfigurationReference = 43A5F3AC2A286D39001B6C12 /* Debug-FeatureFlags.xcconfig */;
			buildSettings = {
				ALWAYS_EMBED_SWIFT_STANDARD_LIBRARIES = YES;
				CODE_SIGN_STYLE = Automatic;
				CURRENT_PROJECT_VERSION = 1;
				DEVELOPMENT_TEAM = N6859F3C8L;
				GENERATE_INFOPLIST_FILE = YES;
				MARKETING_VERSION = 1.0;
				PRODUCT_BUNDLE_IDENTIFIER = com.rohitragmahale.CityWeatherUITests;
				PRODUCT_NAME = "$(TARGET_NAME)";
				SWIFT_EMIT_LOC_STRINGS = NO;
				SWIFT_VERSION = 5.0;
				TARGETED_DEVICE_FAMILY = "1,2";
				TEST_TARGET_NAME = CityWeather;
			};
			name = Debug;
		};
		438E31B52A2626F6006867EC /* Release */ = {
			isa = XCBuildConfiguration;
			baseConfigurationReference = 43A5F3AA2A286CED001B6C12 /* Release-FeatureFlags.xcconfig */;
			buildSettings = {
				ALWAYS_EMBED_SWIFT_STANDARD_LIBRARIES = YES;
				CODE_SIGN_STYLE = Automatic;
				CURRENT_PROJECT_VERSION = 1;
				DEVELOPMENT_TEAM = N6859F3C8L;
				GENERATE_INFOPLIST_FILE = YES;
				MARKETING_VERSION = 1.0;
				PRODUCT_BUNDLE_IDENTIFIER = com.rohitragmahale.CityWeatherUITests;
				PRODUCT_NAME = "$(TARGET_NAME)";
				SWIFT_EMIT_LOC_STRINGS = NO;
				SWIFT_VERSION = 5.0;
				TARGETED_DEVICE_FAMILY = "1,2";
				TEST_TARGET_NAME = CityWeather;
			};
			name = Release;
		};
/* End XCBuildConfiguration section */

/* Begin XCConfigurationList section */
		438E317E2A2626F5006867EC /* Build configuration list for PBXProject "CityWeather" */ = {
			isa = XCConfigurationList;
			buildConfigurations = (
				438E31AB2A2626F6006867EC /* Debug */,
				438E31AC2A2626F6006867EC /* Release */,
			);
			defaultConfigurationIsVisible = 0;
			defaultConfigurationName = Release;
		};
		438E31AD2A2626F6006867EC /* Build configuration list for PBXNativeTarget "CityWeather" */ = {
			isa = XCConfigurationList;
			buildConfigurations = (
				438E31AE2A2626F6006867EC /* Debug */,
				438E31AF2A2626F6006867EC /* Release */,
			);
			defaultConfigurationIsVisible = 0;
			defaultConfigurationName = Release;
		};
		438E31B02A2626F6006867EC /* Build configuration list for PBXNativeTarget "CityWeatherTests" */ = {
			isa = XCConfigurationList;
			buildConfigurations = (
				438E31B12A2626F6006867EC /* Debug */,
				438E31B22A2626F6006867EC /* Release */,
			);
			defaultConfigurationIsVisible = 0;
			defaultConfigurationName = Release;
		};
		438E31B32A2626F6006867EC /* Build configuration list for PBXNativeTarget "CityWeatherUITests" */ = {
			isa = XCConfigurationList;
			buildConfigurations = (
				438E31B42A2626F6006867EC /* Debug */,
				438E31B52A2626F6006867EC /* Release */,
			);
			defaultConfigurationIsVisible = 0;
			defaultConfigurationName = Release;
		};
/* End XCConfigurationList section */

/* Begin XCRemoteSwiftPackageReference section */
		43414E4B2A288BE0002E1EFB /* XCRemoteSwiftPackageReference "ios-snapshot-test-case" */ = {
			isa = XCRemoteSwiftPackageReference;
			repositoryURL = "https://github.com/uber/ios-snapshot-test-case.git";
			requirement = {
				kind = upToNextMajorVersion;
				minimumVersion = 8.0.0;
			};
		};
/* End XCRemoteSwiftPackageReference section */

/* Begin XCSwiftPackageProductDependency section */
		43414E4F2A288BE9002E1EFB /* iOSSnapshotTestCase */ = {
			isa = XCSwiftPackageProductDependency;
			package = 43414E4B2A288BE0002E1EFB /* XCRemoteSwiftPackageReference "ios-snapshot-test-case" */;
			productName = iOSSnapshotTestCase;
		};
/* End XCSwiftPackageProductDependency section */
	};
	rootObject = 438E317B2A2626F5006867EC /* Project object */;
}
